
Microsoft Visual Studio Solution File, Format Version 12.00
# Visual Studio Version 16
VisualStudioVersion = 16.0.30002.166
MinimumVisualStudioVersion = 10.0.40219.1
Project("{FAE04EC0-301F-11D3-BF4B-00C04F79EFBC}") = "GenericAndDynamicControllersDemo", "GenericAndDynamicControllersDemo\GenericAndDynamicControllersDemo.csproj", "{DF08D195-CF5C-4FED-958F-E77BE5A393C9}"
EndProject
Global
	GlobalSection(SolutionConfigurationPlatforms) = preSolution
		Debug|Any CPU = Debug|Any CPU
		Release|Any CPU = Release|Any CPU
	EndGlobalSection
	GlobalSection(ProjectConfigurationPlatforms) = postSolution
		{DF08D195-CF5C-4FED-958F-E77BE5A393C9}.Debug|Any CPU.ActiveCfg = Debug|Any CPU
		{DF08D195-CF5C-4FED-958F-E77BE5A393C9}.Debug|Any CPU.Build.0 = Debug|Any CPU
		{DF08D195-CF5C-4FED-958F-E77BE5A393C9}.Release|Any CPU.ActiveCfg = Release|Any CPU
		{DF08D195-CF5C-4FED-958F-E77BE5A393C9}.Release|Any CPU.Build.0 = Release|Any CPU
	EndGlobalSection
	GlobalSection(SolutionProperties) = preSolution
		HideSolutionNode = FALSE
	EndGlobalSection
	GlobalSection(ExtensibilityGlobals) = postSolution
		SolutionGuid = {9409318B-9941-4629-AE81-DCBCD96A82EC}
	EndGlobalSection
EndGlobal
